
Microsoft Visual Studio Solution File, Format Version 12.00
# Visual Studio Version 16
VisualStudioVersion = 16.0.29709.97
MinimumVisualStudioVersion = 10.0.40219.1
Project("{FAE04EC0-301F-11D3-BF4B-00C04F79EFBC}") = "DigiKala", "DigiKala\DigiKala.csproj", "{7C851D1D-8E99-474F-A621-0D903DF54A70}"
EndProject
Project("{2150E333-8FDC-42A3-9474-1A3956D46DE8}") = "Scripts", "Scripts", "{27AC2DB5-E1B9-416B-B1AF-70725EC635F3}"
EndProject
Project("{2150E333-8FDC-42A3-9474-1A3956D46DE8}") = "Udt", "Udt", "{F11BE3B2-0673-4C5C-BCE4-F737CD4F2D05}"
EndProject
Project("{2150E333-8FDC-42A3-9474-1A3956D46DE8}") = "Usp", "Usp", "{3114BF92-540E-4C81-ABF2-C958C86B2B3E}"
EndProject
Project("{2150E333-8FDC-42A3-9474-1A3956D46DE8}") = "Tables", "Tables", "{FF1D61EB-93BF-4C4C-9A16-BAF408B508AF}"
	ProjectSection(SolutionItems) = preProject
		usp_Create_Category_Table.sql = usp_Create_Category_Table.sql
		usp_Create_Product_Table.sql = usp_Create_Product_Table.sql
	EndProjectSection
EndProject
Project("{2150E333-8FDC-42A3-9474-1A3956D46DE8}") = "Category", "Category", "{47DD3C83-F593-4156-9E29-D4385C2ED4FD}"
	ProjectSection(SolutionItems) = preProject
		usp_Delete_Category.sql = usp_Delete_Category.sql
		usp_Insert_Category.sql = usp_Insert_Category.sql
		usp_Select_Category.sql = usp_Select_Category.sql
		usp_Update_Category.sql = usp_Update_Category.sql
	EndProjectSection
EndProject
Project("{2150E333-8FDC-42A3-9474-1A3956D46DE8}") = "Category", "Category", "{07A808D8-5BE5-420A-B2A0-19961D3C7D08}"
	ProjectSection(SolutionItems) = preProject
		udt_Delete_Category.sql = udt_Delete_Category.sql
		udt_Insert_Category.sql = udt_Insert_Category.sql
		udt_Update_Category.sql = udt_Update_Category.sql
	EndProjectSection
EndProject
Project("{2150E333-8FDC-42A3-9474-1A3956D46DE8}") = "Product", "Product", "{816C0179-2C23-41A7-9BB5-02FA6CFD61EB}"
	ProjectSection(SolutionItems) = preProject
		usp_Select_Product.sql = usp_Select_Product.sql
	EndProjectSection
EndProject
Global
	GlobalSection(SolutionConfigurationPlatforms) = preSolution
		Debug|Any CPU = Debug|Any CPU
		Release|Any CPU = Release|Any CPU
	EndGlobalSection
	GlobalSection(ProjectConfigurationPlatforms) = postSolution
		{7C851D1D-8E99-474F-A621-0D903DF54A70}.Debug|Any CPU.ActiveCfg = Debug|Any CPU
		{7C851D1D-8E99-474F-A621-0D903DF54A70}.Debug|Any CPU.Build.0 = Debug|Any CPU
		{7C851D1D-8E99-474F-A621-0D903DF54A70}.Release|Any CPU.ActiveCfg = Release|Any CPU
		{7C851D1D-8E99-474F-A621-0D903DF54A70}.Release|Any CPU.Build.0 = Release|Any CPU
	EndGlobalSection
	GlobalSection(SolutionProperties) = preSolution
		HideSolutionNode = FALSE
	EndGlobalSection
	GlobalSection(NestedProjects) = preSolution
		{F11BE3B2-0673-4C5C-BCE4-F737CD4F2D05} = {27AC2DB5-E1B9-416B-B1AF-70725EC635F3}
		{3114BF92-540E-4C81-ABF2-C958C86B2B3E} = {27AC2DB5-E1B9-416B-B1AF-70725EC635F3}
		{FF1D61EB-93BF-4C4C-9A16-BAF408B508AF} = {3114BF92-540E-4C81-ABF2-C958C86B2B3E}
		{47DD3C83-F593-4156-9E29-D4385C2ED4FD} = {3114BF92-540E-4C81-ABF2-C958C86B2B3E}
		{07A808D8-5BE5-420A-B2A0-19961D3C7D08} = {F11BE3B2-0673-4C5C-BCE4-F737CD4F2D05}
		{816C0179-2C23-41A7-9BB5-02FA6CFD61EB} = {3114BF92-540E-4C81-ABF2-C958C86B2B3E}
	EndGlobalSection
	GlobalSection(ExtensibilityGlobals) = postSolution
		SolutionGuid = {9463A3A5-86C6-492D-B53D-D17A8746C06A}
	EndGlobalSection
EndGlobal
